// !$*UTF8*$!
{
	archiveVersion = 1;
	classes = {
	};
	objectVersion = 56;
	objects = {

/* Begin PBXBuildFile section */
		94BC93872AA5ECBA00E459C9 /* UniWishApp.swift in Sources */ = {isa = PBXBuildFile; fileRef = 94BC93862AA5ECBA00E459C9 /* UniWishApp.swift */; };
		94BC93892AA5ECBA00E459C9 /* ContentView.swift in Sources */ = {isa = PBXBuildFile; fileRef = 94BC93882AA5ECBA00E459C9 /* ContentView.swift */; };
		94BC938B2AA5ECBB00E459C9 /* Assets.xcassets in Resources */ = {isa = PBXBuildFile; fileRef = 94BC938A2AA5ECBB00E459C9 /* Assets.xcassets */; };
		94BC938F2AA5ECBB00E459C9 /* Preview Assets.xcassets in Resources */ = {isa = PBXBuildFile; fileRef = 94BC938E2AA5ECBB00E459C9 /* Preview Assets.xcassets */; };
		94BC93992AA5ECBC00E459C9 /* UniWishTests.swift in Sources */ = {isa = PBXBuildFile; fileRef = 94BC93982AA5ECBC00E459C9 /* UniWishTests.swift */; };
		94BC93A32AA5ECBC00E459C9 /* UniWishUITests.swift in Sources */ = {isa = PBXBuildFile; fileRef = 94BC93A22AA5ECBC00E459C9 /* UniWishUITests.swift */; };
		94BC93A52AA5ECBC00E459C9 /* UniWishUITestsLaunchTests.swift in Sources */ = {isa = PBXBuildFile; fileRef = 94BC93A42AA5ECBC00E459C9 /* UniWishUITestsLaunchTests.swift */; };
/* End PBXBuildFile section */

/* Begin PBXContainerItemProxy section */
		94BC93952AA5ECBC00E459C9 /* PBXContainerItemProxy */ = {
			isa = PBXContainerItemProxy;
			containerPortal = 94BC937B2AA5ECBA00E459C9 /* Project object */;
			proxyType = 1;
			remoteGlobalIDString = 94BC93822AA5ECBA00E459C9;
			remoteInfo = UniWish;
		};
		94BC939F2AA5ECBC00E459C9 /* PBXContainerItemProxy */ = {
			isa = PBXContainerItemProxy;
			containerPortal = 94BC937B2AA5ECBA00E459C9 /* Project object */;
			proxyType = 1;
			remoteGlobalIDString = 94BC93822AA5ECBA00E459C9;
			remoteInfo = UniWish;
		};
/* End PBXContainerItemProxy section */

/* Begin PBXFileReference section */
		94BC93832AA5ECBA00E459C9 /* UniWish.app */ = {isa = PBXFileReference; explicitFileType = wrapper.application; includeInIndex = 0; path = UniWish.app; sourceTree = BUILT_PRODUCTS_DIR; };
		94BC93862AA5ECBA00E459C9 /* UniWishApp.swift */ = {isa = PBXFileReference; lastKnownFileType = sourcecode.swift; path = UniWishApp.swift; sourceTree = "<group>"; };
		94BC93882AA5ECBA00E459C9 /* ContentView.swift */ = {isa = PBXFileReference; lastKnownFileType = sourcecode.swift; path = ContentView.swift; sourceTree = "<group>"; };
		94BC938A2AA5ECBB00E459C9 /* Assets.xcassets */ = {isa = PBXFileReference; lastKnownFileType = folder.assetcatalog; path = Assets.xcassets; sourceTree = "<group>"; };
		94BC938C2AA5ECBB00E459C9 /* UniWish.entitlements */ = {isa = PBXFileReference; lastKnownFileType = text.plist.entitlements; path = UniWish.entitlements; sourceTree = "<group>"; };
		94BC938E2AA5ECBB00E459C9 /* Preview Assets.xcassets */ = {isa = PBXFileReference; lastKnownFileType = folder.assetcatalog; path = "Preview Assets.xcassets"; sourceTree = "<group>"; };
		94BC93942AA5ECBB00E459C9 /* UniWishTests.xctest */ = {isa = PBXFileReference; explicitFileType = wrapper.cfbundle; includeInIndex = 0; path = UniWishTests.xctest; sourceTree = BUILT_PRODUCTS_DIR; };
		94BC93982AA5ECBC00E459C9 /* UniWishTests.swift */ = {isa = PBXFileReference; lastKnownFileType = sourcecode.swift; path = UniWishTests.swift; sourceTree = "<group>"; };
		94BC939E2AA5ECBC00E459C9 /* UniWishUITests.xctest */ = {isa = PBXFileReference; explicitFileType = wrapper.cfbundle; includeInIndex = 0; path = UniWishUITests.xctest; sourceTree = BUILT_PRODUCTS_DIR; };
		94BC93A22AA5ECBC00E459C9 /* UniWishUITests.swift */ = {isa = PBXFileReference; lastKnownFileType = sourcecode.swift; path = UniWishUITests.swift; sourceTree = "<group>"; };
		94BC93A42AA5ECBC00E459C9 /* UniWishUITestsLaunchTests.swift */ = {isa = PBXFileReference; lastKnownFileType = sourcecode.swift; path = UniWishUITestsLaunchTests.swift; sourceTree = "<group>"; };
/* End PBXFileReference section */

/* Begin PBXFrameworksBuildPhase section */
		94BC93802AA5ECBA00E459C9 /* Frameworks */ = {
			isa = PBXFrameworksBuildPhase;
			buildActionMask = 2147483647;
			files = (
			);
			runOnlyForDeploymentPostprocessing = 0;
		};
		94BC93912AA5ECBB00E459C9 /* Frameworks */ = {
			isa = PBXFrameworksBuildPhase;
			buildActionMask = 2147483647;
			files = (
			);
			runOnlyForDeploymentPostprocessing = 0;
		};
		94BC939B2AA5ECBC00E459C9 /* Frameworks */ = {
			isa = PBXFrameworksBuildPhase;
			buildActionMask = 2147483647;
			files = (
			);
			runOnlyForDeploymentPostprocessing = 0;
		};
/* End PBXFrameworksBuildPhase section */

/* Begin PBXGroup section */
		94BC937A2AA5ECBA00E459C9 = {
			isa = PBXGroup;
			children = (
				94BC93852AA5ECBA00E459C9 /* UniWish */,
				94BC93972AA5ECBC00E459C9 /* UniWishTests */,
				94BC93A12AA5ECBC00E459C9 /* UniWishUITests */,
				94BC93842AA5ECBA00E459C9 /* Products */,
			);
			sourceTree = "<group>";
		};
		94BC93842AA5ECBA00E459C9 /* Products */ = {
			isa = PBXGroup;
			children = (
				94BC93832AA5ECBA00E459C9 /* UniWish.app */,
				94BC93942AA5ECBB00E459C9 /* UniWishTests.xctest */,
				94BC939E2AA5ECBC00E459C9 /* UniWishUITests.xctest */,
			);
			name = Products;
			sourceTree = "<group>";
		};
		94BC93852AA5ECBA00E459C9 /* UniWish */ = {
			isa = PBXGroup;
			children = (
				94BC93862AA5ECBA00E459C9 /* UniWishApp.swift */,
				94BC93882AA5ECBA00E459C9 /* ContentView.swift */,
				94BC938A2AA5ECBB00E459C9 /* Assets.xcassets */,
				94BC938C2AA5ECBB00E459C9 /* UniWish.entitlements */,
				94BC938D2AA5ECBB00E459C9 /* Preview Content */,
			);
			path = UniWish;
			sourceTree = "<group>";
		};
		94BC938D2AA5ECBB00E459C9 /* Preview Content */ = {
			isa = PBXGroup;
			children = (
				94BC938E2AA5ECBB00E459C9 /* Preview Assets.xcassets */,
			);
			path = "Preview Content";
			sourceTree = "<group>";
		};
		94BC93972AA5ECBC00E459C9 /* UniWishTests */ = {
			isa = PBXGroup;
			children = (
				94BC93982AA5ECBC00E459C9 /* UniWishTests.swift */,
			);
			path = UniWishTests;
			sourceTree = "<group>";
		};
		94BC93A12AA5ECBC00E459C9 /* UniWishUITests */ = {
			isa = PBXGroup;
			children = (
				94BC93A22AA5ECBC00E459C9 /* UniWishUITests.swift */,
				94BC93A42AA5ECBC00E459C9 /* UniWishUITestsLaunchTests.swift */,
			);
			path = UniWishUITests;
			sourceTree = "<group>";
		};
/* End PBXGroup section */

/* Begin PBXNativeTarget section */
		94BC93822AA5ECBA00E459C9 /* UniWish */ = {
			isa = PBXNativeTarget;
			buildConfigurationList = 94BC93A82AA5ECBC00E459C9 /* Build configuration list for PBXNativeTarget "UniWish" */;
			buildPhases = (
				94BC937F2AA5ECBA00E459C9 /* Sources */,
				94BC93802AA5ECBA00E459C9 /* Frameworks */,
				94BC93812AA5ECBA00E459C9 /* Resources */,
			);
			buildRules = (
			);
			dependencies = (
			);
			name = UniWish;
			productName = UniWish;
			productReference = 94BC93832AA5ECBA00E459C9 /* UniWish.app */;
			productType = "com.apple.product-type.application";
		};
		94BC93932AA5ECBB00E459C9 /* UniWishTests */ = {
			isa = PBXNativeTarget;
			buildConfigurationList = 94BC93AB2AA5ECBC00E459C9 /* Build configuration list for PBXNativeTarget "UniWishTests" */;
			buildPhases = (
				94BC93902AA5ECBB00E459C9 /* Sources */,
				94BC93912AA5ECBB00E459C9 /* Frameworks */,
				94BC93922AA5ECBB00E459C9 /* Resources */,
			);
			buildRules = (
			);
			dependencies = (
				94BC93962AA5ECBC00E459C9 /* PBXTargetDependency */,
			);
			name = UniWishTests;
			productName = UniWishTests;
			productReference = 94BC93942AA5ECBB00E459C9 /* UniWishTests.xctest */;
			productType = "com.apple.product-type.bundle.unit-test";
		};
		94BC939D2AA5ECBC00E459C9 /* UniWishUITests */ = {
			isa = PBXNativeTarget;
			buildConfigurationList = 94BC93AE2AA5ECBC00E459C9 /* Build configuration list for PBXNativeTarget "UniWishUITests" */;
			buildPhases = (
				94BC939A2AA5ECBC00E459C9 /* Sources */,
				94BC939B2AA5ECBC00E459C9 /* Frameworks */,
				94BC939C2AA5ECBC00E459C9 /* Resources */,
			);
			buildRules = (
			);
			dependencies = (
				94BC93A02AA5ECBC00E459C9 /* PBXTargetDependency */,
			);
			name = UniWishUITests;
			productName = UniWishUITests;
			productReference = 94BC939E2AA5ECBC00E459C9 /* UniWishUITests.xctest */;
			productType = "com.apple.product-type.bundle.ui-testing";
		};
/* End PBXNativeTarget section */

/* Begin PBXProject section */
		94BC937B2AA5ECBA00E459C9 /* Project object */ = {
			isa = PBXProject;
			attributes = {
				BuildIndependentTargetsInParallel = 1;
				LastSwiftUpdateCheck = 1430;
				LastUpgradeCheck = 1430;
				TargetAttributes = {
					94BC93822AA5ECBA00E459C9 = {
						CreatedOnToolsVersion = 14.3.1;
					};
					94BC93932AA5ECBB00E459C9 = {
						CreatedOnToolsVersion = 14.3.1;
						TestTargetID = 94BC93822AA5ECBA00E459C9;
					};
					94BC939D2AA5ECBC00E459C9 = {
						CreatedOnToolsVersion = 14.3.1;
						TestTargetID = 94BC93822AA5ECBA00E459C9;
					};
				};
			};
			buildConfigurationList = 94BC937E2AA5ECBA00E459C9 /* Build configuration list for PBXProject "UniWish" */;
			compatibilityVersion = "Xcode 14.0";
			developmentRegion = en;
			hasScannedForEncodings = 0;
			knownRegions = (
				en,
				Base,
			);
			mainGroup = 94BC937A2AA5ECBA00E459C9;
			productRefGroup = 94BC93842AA5ECBA00E459C9 /* Products */;
			projectDirPath = "";
			projectRoot = "";
			targets = (
				94BC93822AA5ECBA00E459C9 /* UniWish */,
				94BC93932AA5ECBB00E459C9 /* UniWishTests */,
				94BC939D2AA5ECBC00E459C9 /* UniWishUITests */,
			);
		};
/* End PBXProject section */

/* Begin PBXResourcesBuildPhase section */
		94BC93812AA5ECBA00E459C9 /* Resources */ = {
			isa = PBXResourcesBuildPhase;
			buildActionMask = 2147483647;
			files = (
				94BC938F2AA5ECBB00E459C9 /* Preview Assets.xcassets in Resources */,
				94BC938B2AA5ECBB00E459C9 /* Assets.xcassets in Resources */,
			);
			runOnlyForDeploymentPostprocessing = 0;
		};
		94BC93922AA5ECBB00E459C9 /* Resources */ = {
			isa = PBXResourcesBuildPhase;
			buildActionMask = 2147483647;
			files = (
			);
			runOnlyForDeploymentPostprocessing = 0;
		};
		94BC939C2AA5ECBC00E459C9 /* Resources */ = {
			isa = PBXResourcesBuildPhase;
			buildActionMask = 2147483647;
			files = (
			);
			runOnlyForDeploymentPostprocessing = 0;
		};
/* End PBXResourcesBuildPhase section */

/* Begin PBXSourcesBuildPhase section */
		94BC937F2AA5ECBA00E459C9 /* Sources */ = {
			isa = PBXSourcesBuildPhase;
			buildActionMask = 2147483647;
			files = (
				94BC93892AA5ECBA00E459C9 /* ContentView.swift in Sources */,
				94BC93872AA5ECBA00E459C9 /* UniWishApp.swift in Sources */,
			);
			runOnlyForDeploymentPostprocessing = 0;
		};
		94BC93902AA5ECBB00E459C9 /* Sources */ = {
			isa = PBXSourcesBuildPhase;
			buildActionMask = 2147483647;
			files = (
				94BC93992AA5ECBC00E459C9 /* UniWishTests.swift in Sources */,
			);
			runOnlyForDeploymentPostprocessing = 0;
		};
		94BC939A2AA5ECBC00E459C9 /* Sources */ = {
			isa = PBXSourcesBuildPhase;
			buildActionMask = 2147483647;
			files = (
				94BC93A52AA5ECBC00E459C9 /* UniWishUITestsLaunchTests.swift in Sources */,
				94BC93A32AA5ECBC00E459C9 /* UniWishUITests.swift in Sources */,
			);
			runOnlyForDeploymentPostprocessing = 0;
		};
/* End PBXSourcesBuildPhase section */

/* Begin PBXTargetDependency section */
		94BC93962AA5ECBC00E459C9 /* PBXTargetDependency */ = {
			isa = PBXTargetDependency;
			target = 94BC93822AA5ECBA00E459C9 /* UniWish */;
			targetProxy = 94BC93952AA5ECBC00E459C9 /* PBXContainerItemProxy */;
		};
		94BC93A02AA5ECBC00E459C9 /* PBXTargetDependency */ = {
			isa = PBXTargetDependency;
			target = 94BC93822AA5ECBA00E459C9 /* UniWish */;
			targetProxy = 94BC939F2AA5ECBC00E459C9 /* PBXContainerItemProxy */;
		};
/* End PBXTargetDependency section */

/* Begin XCBuildConfiguration section */
		94BC93A62AA5ECBC00E459C9 /* Debug */ = {
			isa = XCBuildConfiguration;
			buildSettings = {
				ALWAYS_SEARCH_USER_PATHS = NO;
				CLANG_ANALYZER_NONNULL = YES;
				CLANG_ANALYZER_NUMBER_OBJECT_CONVERSION = YES_AGGRESSIVE;
				CLANG_CXX_LANGUAGE_STANDARD = "gnu++20";
				CLANG_ENABLE_MODULES = YES;
				CLANG_ENABLE_OBJC_ARC = YES;
				CLANG_ENABLE_OBJC_WEAK = YES;
				CLANG_WARN_BLOCK_CAPTURE_AUTORELEASING = YES;
				CLANG_WARN_BOOL_CONVERSION = YES;
				CLANG_WARN_COMMA = YES;
				CLANG_WARN_CONSTANT_CONVERSION = YES;
				CLANG_WARN_DEPRECATED_OBJC_IMPLEMENTATIONS = YES;
				CLANG_WARN_DIRECT_OBJC_ISA_USAGE = YES_ERROR;
				CLANG_WARN_DOCUMENTATION_COMMENTS = YES;
				CLANG_WARN_EMPTY_BODY = YES;
				CLANG_WARN_ENUM_CONVERSION = YES;
				CLANG_WARN_INFINITE_RECURSION = YES;
				CLANG_WARN_INT_CONVERSION = YES;
				CLANG_WARN_NON_LITERAL_NULL_CONVERSION = YES;
				CLANG_WARN_OBJC_IMPLICIT_RETAIN_SELF = YES;
				CLANG_WARN_OBJC_LITERAL_CONVERSION = YES;
				CLANG_WARN_OBJC_ROOT_CLASS = YES_ERROR;
				CLANG_WARN_QUOTED_INCLUDE_IN_FRAMEWORK_HEADER = YES;
				CLANG_WARN_RANGE_LOOP_ANALYSIS = YES;
				CLANG_WARN_STRICT_PROTOTYPES = YES;
				CLANG_WARN_SUSPICIOUS_MOVE = YES;
				CLANG_WARN_UNGUARDED_AVAILABILITY = YES_AGGRESSIVE;
				CLANG_WARN_UNREACHABLE_CODE = YES;
				CLANG_WARN__DUPLICATE_METHOD_MATCH = YES;
				COPY_PHASE_STRIP = NO;
				DEBUG_INFORMATION_FORMAT = dwarf;
				ENABLE_STRICT_OBJC_MSGSEND = YES;
				ENABLE_TESTABILITY = YES;
				GCC_C_LANGUAGE_STANDARD = gnu11;
				GCC_DYNAMIC_NO_PIC = NO;
				GCC_NO_COMMON_BLOCKS = YES;
				GCC_OPTIMIZATION_LEVEL = 0;
				GCC_PREPROCESSOR_DEFINITIONS = (
					"DEBUG=1",
					"$(inherited)",
				);
				GCC_WARN_64_TO_32_BIT_CONVERSION = YES;
				GCC_WARN_ABOUT_RETURN_TYPE = YES_ERROR;
				GCC_WARN_UNDECLARED_SELECTOR = YES;
				GCC_WARN_UNINITIALIZED_AUTOS = YES_AGGRESSIVE;
				GCC_WARN_UNUSED_FUNCTION = YES;
				GCC_WARN_UNUSED_VARIABLE = YES;
				MTL_ENABLE_DEBUG_INFO = INCLUDE_SOURCE;
				MTL_FAST_MATH = YES;
				ONLY_ACTIVE_ARCH = YES;
				SWIFT_ACTIVE_COMPILATION_CONDITIONS = DEBUG;
				SWIFT_OPTIMIZATION_LEVEL = "-Onone";
			};
			name = Debug;
		};
		94BC93A72AA5ECBC00E459C9 /* Release */ = {
			isa = XCBuildConfiguration;
			buildSettings = {
				ALWAYS_SEARCH_USER_PATHS = NO;
				CLANG_ANALYZER_NONNULL = YES;
				CLANG_ANALYZER_NUMBER_OBJECT_CONVERSION = YES_AGGRESSIVE;
				CLANG_CXX_LANGUAGE_STANDARD = "gnu++20";
				CLANG_ENABLE_MODULES = YES;
				CLANG_ENABLE_OBJC_ARC = YES;
				CLANG_ENABLE_OBJC_WEAK = YES;
				CLANG_WARN_BLOCK_CAPTURE_AUTORELEASING = YES;
				CLANG_WARN_BOOL_CONVERSION = YES;
				CLANG_WARN_COMMA = YES;
				CLANG_WARN_CONSTANT_CONVERSION = YES;
				CLANG_WARN_DEPRECATED_OBJC_IMPLEMENTATIONS = YES;
				CLANG_WARN_DIRECT_OBJC_ISA_USAGE = YES_ERROR;
				CLANG_WARN_DOCUMENTATION_COMMENTS = YES;
				CLANG_WARN_EMPTY_BODY = YES;
				CLANG_WARN_ENUM_CONVERSION = YES;
				CLANG_WARN_INFINITE_RECURSION = YES;
				CLANG_WARN_INT_CONVERSION = YES;
				CLANG_WARN_NON_LITERAL_NULL_CONVERSION = YES;
				CLANG_WARN_OBJC_IMPLICIT_RETAIN_SELF = YES;
				CLANG_WARN_OBJC_LITERAL_CONVERSION = YES;
				CLANG_WARN_OBJC_ROOT_CLASS = YES_ERROR;
				CLANG_WARN_QUOTED_INCLUDE_IN_FRAMEWORK_HEADER = YES;
				CLANG_WARN_RANGE_LOOP_ANALYSIS = YES;
				CLANG_WARN_STRICT_PROTOTYPES = YES;
				CLANG_WARN_SUSPICIOUS_MOVE = YES;
				CLANG_WARN_UNGUARDED_AVAILABILITY = YES_AGGRESSIVE;
				CLANG_WARN_UNREACHABLE_CODE = YES;
				CLANG_WARN__DUPLICATE_METHOD_MATCH = YES;
				COPY_PHASE_STRIP = NO;
				DEBUG_INFORMATION_FORMAT = "dwarf-with-dsym";
				ENABLE_NS_ASSERTIONS = NO;
				ENABLE_STRICT_OBJC_MSGSEND = YES;
				GCC_C_LANGUAGE_STANDARD = gnu11;
				GCC_NO_COMMON_BLOCKS = YES;
				GCC_WARN_64_TO_32_BIT_CONVERSION = YES;
				GCC_WARN_ABOUT_RETURN_TYPE = YES_ERROR;
				GCC_WARN_UNDECLARED_SELECTOR = YES;
				GCC_WARN_UNINITIALIZED_AUTOS = YES_AGGRESSIVE;
				GCC_WARN_UNUSED_FUNCTION = YES;
				GCC_WARN_UNUSED_VARIABLE = YES;
				MTL_ENABLE_DEBUG_INFO = NO;
				MTL_FAST_MATH = YES;
				SWIFT_COMPILATION_MODE = wholemodule;
				SWIFT_OPTIMIZATION_LEVEL = "-O";
			};
			name = Release;
		};
		94BC93A92AA5ECBC00E459C9 /* Debug */ = {
			isa = XCBuildConfiguration;
			buildSettings = {
				ASSETCATALOG_COMPILER_APPICON_NAME = AppIcon;
				ASSETCATALOG_COMPILER_GLOBAL_ACCENT_COLOR_NAME = AccentColor;
				CODE_SIGN_ENTITLEMENTS = UniWish/UniWish.entitlements;
				CODE_SIGN_STYLE = Automatic;
				CURRENT_PROJECT_VERSION = 1;
				DEVELOPMENT_ASSET_PATHS = "\"UniWish/Preview Content\"";
				DEVELOPMENT_TEAM = Y7RXN6XVUV;
				ENABLE_HARDENED_RUNTIME = YES;
				ENABLE_PREVIEWS = YES;
				GENERATE_INFOPLIST_FILE = YES;
				"INFOPLIST_KEY_UIApplicationSceneManifest_Generation[sdk=iphoneos*]" = YES;
				"INFOPLIST_KEY_UIApplicationSceneManifest_Generation[sdk=iphonesimulator*]" = YES;
				"INFOPLIST_KEY_UIApplicationSupportsIndirectInputEvents[sdk=iphoneos*]" = YES;
				"INFOPLIST_KEY_UIApplicationSupportsIndirectInputEvents[sdk=iphonesimulator*]" = YES;
				"INFOPLIST_KEY_UILaunchScreen_Generation[sdk=iphoneos*]" = YES;
				"INFOPLIST_KEY_UILaunchScreen_Generation[sdk=iphonesimulator*]" = YES;
				"INFOPLIST_KEY_UIStatusBarStyle[sdk=iphoneos*]" = UIStatusBarStyleDefault;
				"INFOPLIST_KEY_UIStatusBarStyle[sdk=iphonesimulator*]" = UIStatusBarStyleDefault;
				INFOPLIST_KEY_UISupportedInterfaceOrientations_iPad = "UIInterfaceOrientationPortrait UIInterfaceOrientationPortraitUpsideDown UIInterfaceOrientationLandscapeLeft UIInterfaceOrientationLandscapeRight";
				INFOPLIST_KEY_UISupportedInterfaceOrientations_iPhone = "UIInterfaceOrientationPortrait UIInterfaceOrientationLandscapeLeft UIInterfaceOrientationLandscapeRight";
				IPHONEOS_DEPLOYMENT_TARGET = 16.4;
				LD_RUNPATH_SEARCH_PATHS = "@executable_path/Frameworks";
				"LD_RUNPATH_SEARCH_PATHS[sdk=macosx*]" = "@executable_path/../Frameworks";
				MACOSX_DEPLOYMENT_TARGET = 13.3;
				MARKETING_VERSION = 1.0;
				PRODUCT_BUNDLE_IDENTIFIER = royaparsa.UniWish;
				PRODUCT_NAME = "$(TARGET_NAME)";
				SDKROOT = auto;
				SUPPORTED_PLATFORMS = "iphoneos iphonesimulator macosx";
				SWIFT_EMIT_LOC_STRINGS = YES;
				SWIFT_VERSION = 5.0;
				TARGETED_DEVICE_FAMILY = "1,2";
			};
			name = Debug;
		};
		94BC93AA2AA5ECBC00E459C9 /* Release */ = {
			isa = XCBuildConfiguration;
			buildSettings = {
				ASSETCATALOG_COMPILER_APPICON_NAME = AppIcon;
				ASSETCATALOG_COMPILER_GLOBAL_ACCENT_COLOR_NAME = AccentColor;
				CODE_SIGN_ENTITLEMENTS = UniWish/UniWish.entitlements;
				CODE_SIGN_STYLE = Automatic;
				CURRENT_PROJECT_VERSION = 1;
				DEVELOPMENT_ASSET_PATHS = "\"UniWish/Preview Content\"";
				DEVELOPMENT_TEAM = Y7RXN6XVUV;
				ENABLE_HARDENED_RUNTIME = YES;
				ENABLE_PREVIEWS = YES;
				GENERATE_INFOPLIST_FILE = YES;
				"INFOPLIST_KEY_UIApplicationSceneManifest_Generation[sdk=iphoneos*]" = YES;
				"INFOPLIST_KEY_UIApplicationSceneManifest_Generation[sdk=iphonesimulator*]" = YES;
				"INFOPLIST_KEY_UIApplicationSupportsIndirectInputEvents[sdk=iphoneos*]" = YES;
				"INFOPLIST_KEY_UIApplicationSupportsIndirectInputEvents[sdk=iphonesimulator*]" = YES;
				"INFOPLIST_KEY_UILaunchScreen_Generation[sdk=iphoneos*]" = YES;
				"INFOPLIST_KEY_UILaunchScreen_Generation[sdk=iphonesimulator*]" = YES;
				"INFOPLIST_KEY_UIStatusBarStyle[sdk=iphoneos*]" = UIStatusBarStyleDefault;
				"INFOPLIST_KEY_UIStatusBarStyle[sdk=iphonesimulator*]" = UIStatusBarStyleDefault;
				INFOPLIST_KEY_UISupportedInterfaceOrientations_iPad = "UIInterfaceOrientationPortrait UIInterfaceOrientationPortraitUpsideDown UIInterfaceOrientationLandscapeLeft UIInterfaceOrientationLandscapeRight";
				INFOPLIST_KEY_UISupportedInterfaceOrientations_iPhone = "UIInterfaceOrientationPortrait UIInterfaceOrientationLandscapeLeft UIInterfaceOrientationLandscapeRight";
				IPHONEOS_DEPLOYMENT_TARGET = 16.4;
				LD_RUNPATH_SEARCH_PATHS = "@executable_path/Frameworks";
				"LD_RUNPATH_SEARCH_PATHS[sdk=macosx*]" = "@executable_path/../Frameworks";
				MACOSX_DEPLOYMENT_TARGET = 13.3;
				MARKETING_VERSION = 1.0;
				PRODUCT_BUNDLE_IDENTIFIER = royaparsa.UniWish;
				PRODUCT_NAME = "$(TARGET_NAME)";
				SDKROOT = auto;
				SUPPORTED_PLATFORMS = "iphoneos iphonesimulator macosx";
				SWIFT_EMIT_LOC_STRINGS = YES;
				SWIFT_VERSION = 5.0;
				TARGETED_DEVICE_FAMILY = "1,2";
			};
			name = Release;
		};
		94BC93AC2AA5ECBC00E459C9 /* Debug */ = {
			isa = XCBuildConfiguration;
			buildSettings = {
				ALWAYS_EMBED_SWIFT_STANDARD_LIBRARIES = YES;
				BUNDLE_LOADER = "$(TEST_HOST)";
				CODE_SIGN_STYLE = Automatic;
				CURRENT_PROJECT_VERSION = 1;
				DEVELOPMENT_TEAM = Y7RXN6XVUV;
				GENERATE_INFOPLIST_FILE = YES;
				IPHONEOS_DEPLOYMENT_TARGET = 16.4;
				MACOSX_DEPLOYMENT_TARGET = 13.3;
				MARKETING_VERSION = 1.0;
				PRODUCT_BUNDLE_IDENTIFIER = royaparsa.UniWishTests;
				PRODUCT_NAME = "$(TARGET_NAME)";
				SDKROOT = auto;
				SUPPORTED_PLATFORMS = "iphoneos iphonesimulator macosx";
				SWIFT_EMIT_LOC_STRINGS = NO;
				SWIFT_VERSION = 5.0;
				TARGETED_DEVICE_FAMILY = "1,2";
				TEST_HOST = "$(BUILT_PRODUCTS_DIR)/UniWish.app/$(BUNDLE_EXECUTABLE_FOLDER_PATH)/UniWish";
			};
			name = Debug;
		};
		94BC93AD2AA5ECBC00E459C9 /* Release */ = {
			isa = XCBuildConfiguration;
			buildSettings = {
				ALWAYS_EMBED_SWIFT_STANDARD_LIBRARIES = YES;
				BUNDLE_LOADER = "$(TEST_HOST)";
				CODE_SIGN_STYLE = Automatic;
				CURRENT_PROJECT_VERSION = 1;
				DEVELOPMENT_TEAM = Y7RXN6XVUV;
				GENERATE_INFOPLIST_FILE = YES;
				IPHONEOS_DEPLOYMENT_TARGET = 16.4;
				MACOSX_DEPLOYMENT_TARGET = 13.3;
				MARKETING_VERSION = 1.0;
				PRODUCT_BUNDLE_IDENTIFIER = royaparsa.UniWishTests;
				PRODUCT_NAME = "$(TARGET_NAME)";
				SDKROOT = auto;
				SUPPORTED_PLATFORMS = "iphoneos iphonesimulator macosx";
				SWIFT_EMIT_LOC_STRINGS = NO;
				SWIFT_VERSION = 5.0;
				TARGETED_DEVICE_FAMILY = "1,2";
				TEST_HOST = "$(BUILT_PRODUCTS_DIR)/UniWish.app/$(BUNDLE_EXECUTABLE_FOLDER_PATH)/UniWish";
			};
			name = Release;
		};
		94BC93AF2AA5ECBC00E459C9 /* Debug */ = {
			isa = XCBuildConfiguration;
			buildSettings = {
				ALWAYS_EMBED_SWIFT_STANDARD_LIBRARIES = YES;
				CODE_SIGN_STYLE = Automatic;
				CURRENT_PROJECT_VERSION = 1;
				DEVELOPMENT_TEAM = Y7RXN6XVUV;
				GENERATE_INFOPLIST_FILE = YES;
				IPHONEOS_DEPLOYMENT_TARGET = 16.4;
				MACOSX_DEPLOYMENT_TARGET = 13.3;
				MARKETING_VERSION = 1.0;
				PRODUCT_BUNDLE_IDENTIFIER = royaparsa.UniWishUITests;
				PRODUCT_NAME = "$(TARGET_NAME)";
				SDKROOT = auto;
				SUPPORTED_PLATFORMS = "iphoneos iphonesimulator macosx";
				SWIFT_EMIT_LOC_STRINGS = NO;
				SWIFT_VERSION = 5.0;
				TARGETED_DEVICE_FAMILY = "1,2";
				TEST_TARGET_NAME = UniWish;
			};
			name = Debug;
		};
		94BC93B02AA5ECBC00E459C9 /* Release */ = {
			isa = XCBuildConfiguration;
			buildSettings = {
				ALWAYS_EMBED_SWIFT_STANDARD_LIBRARIES = YES;
				CODE_SIGN_STYLE = Automatic;
				CURRENT_PROJECT_VERSION = 1;
				DEVELOPMENT_TEAM = Y7RXN6XVUV;
				GENERATE_INFOPLIST_FILE = YES;
				IPHONEOS_DEPLOYMENT_TARGET = 16.4;
				MACOSX_DEPLOYMENT_TARGET = 13.3;
				MARKETING_VERSION = 1.0;
				PRODUCT_BUNDLE_IDENTIFIER = royaparsa.UniWishUITests;
				PRODUCT_NAME = "$(TARGET_NAME)";
				SDKROOT = auto;
				SUPPORTED_PLATFORMS = "iphoneos iphonesimulator macosx";
				SWIFT_EMIT_LOC_STRINGS = NO;
				SWIFT_VERSION = 5.0;
				TARGETED_DEVICE_FAMILY = "1,2";
				TEST_TARGET_NAME = UniWish;
			};
			name = Release;
		};
/* End XCBuildConfiguration section */

/* Begin XCConfigurationList section */
		94BC937E2AA5ECBA00E459C9 /* Build configuration list for PBXProject "UniWish" */ = {
			isa = XCConfigurationList;
			buildConfigurations = (
				94BC93A62AA5ECBC00E459C9 /* Debug */,
				94BC93A72AA5ECBC00E459C9 /* Release */,
			);
			defaultConfigurationIsVisible = 0;
			defaultConfigurationName = Release;
		};
		94BC93A82AA5ECBC00E459C9 /* Build configuration list for PBXNativeTarget "UniWish" */ = {
			isa = XCConfigurationList;
			buildConfigurations = (
				94BC93A92AA5ECBC00E459C9 /* Debug */,
				94BC93AA2AA5ECBC00E459C9 /* Release */,
			);
			defaultConfigurationIsVisible = 0;
			defaultConfigurationName = Release;
		};
		94BC93AB2AA5ECBC00E459C9 /* Build configuration list for PBXNativeTarget "UniWishTests" */ = {
			isa = XCConfigurationList;
			buildConfigurations = (
				94BC93AC2AA5ECBC00E459C9 /* Debug */,
				94BC93AD2AA5ECBC00E459C9 /* Release */,
			);
			defaultConfigurationIsVisible = 0;
			defaultConfigurationName = Release;
		};
		94BC93AE2AA5ECBC00E459C9 /* Build configuration list for PBXNativeTarget "UniWishUITests" */ = {
			isa = XCConfigurationList;
			buildConfigurations = (
				94BC93AF2AA5ECBC00E459C9 /* Debug */,
				94BC93B02AA5ECBC00E459C9 /* Release */,
			);
			defaultConfigurationIsVisible = 0;
			defaultConfigurationName = Release;
		};
/* End XCConfigurationList section */
	};
	rootObject = 94BC937B2AA5ECBA00E459C9 /* Project object */;
}
